{
  "name": "redvelvet-fansite",
  "version": "1.0.0",
  "lockfileVersion": 1,
  "requires": true,
  "dependencies": {
    "glightbox": {
      "version": "2.0.1",
      "resolved": "https://registry.npmjs.org/glightbox/-/glightbox-2.0.1.tgz",
      "integrity": "sha512-IYScZq5+vH8usPQiJmJJ+lBDXau7tallcg/3VuJ/ub/5d6HYQyVZyOuSPPJtCge3UYTEG0cQSOP0xqpakAy6JQ=="
    }
  }
}
